
Microsoft Visual Studio Solution File, Format Version 12.00
# Visual Studio Version 16
VisualStudioVersion = 16.0.34601.136
MinimumVisualStudioVersion = 10.0.40219.1
Project("{FAE04EC0-301F-11D3-BF4B-00C04F79EFBC}") = "ListaContactos", "ListaContactos.csproj", "{C7CD436D-02B4-467B-B091-D422683AC204}"
EndProject
Global
	GlobalSection(SolutionConfigurationPlatforms) = preSolution
		Debug|Any CPU = Debug|Any CPU
		Release|Any CPU = Release|Any CPU
	EndGlobalSection
	GlobalSection(ProjectConfigurationPlatforms) = postSolution
		{C7CD436D-02B4-467B-B091-D422683AC204}.Debug|Any CPU.ActiveCfg = Debug|Any CPU
		{C7CD436D-02B4-467B-B091-D422683AC204}.Debug|Any CPU.Build.0 = Debug|Any CPU
		{C7CD436D-02B4-467B-B091-D422683AC204}.Release|Any CPU.ActiveCfg = Release|Any CPU
		{C7CD436D-02B4-467B-B091-D422683AC204}.Release|Any CPU.Build.0 = Release|Any CPU
	EndGlobalSection
	GlobalSection(SolutionProperties) = preSolution
		HideSolutionNode = FALSE
	EndGlobalSection
	GlobalSection(ExtensibilityGlobals) = postSolution
		SolutionGuid = {7C6CB349-4280-45F5-A6E0-14CBB1FDD543}
	EndGlobalSection
EndGlobal
